
Microsoft Visual Studio Solution File, Format Version 12.00
# Visual Studio Version 17
VisualStudioVersion = 17.0.31903.59
MinimumVisualStudioVersion = 10.0.40219.1
Project("{2150E333-8FDC-42A3-9474-1A3956D46DE8}") = "src", "src", "{827E0CD3-B72D-47B6-A68D-7590B98EB39B}"
EndProject
Project("{FAE04EC0-301F-11D3-BF4B-00C04F79EFBC}") = "TslAuth", "src\TslAuth\TslAuth.csproj", "{8A50E2F2-76F9-4875-B73E-965D3BB5F34D}"
EndProject
Project("{2150E333-8FDC-42A3-9474-1A3956D46DE8}") = "tests", "tests", "{0AB3BF05-4346-4AA6-1389-037BE0695223}"
EndProject
Project("{FAE04EC0-301F-11D3-BF4B-00C04F79EFBC}") = "TslAuth.UnitTests", "tests\TslAuth.UnitTests\TslAuth.UnitTests.csproj", "{D6B4B67D-932A-4F10-8E69-778CF2245BB4}"
EndProject
Project("{FAE04EC0-301F-11D3-BF4B-00C04F79EFBC}") = "TslAuth.IntegrationTests", "tests\TslAuth.IntegrationTests\TslAuth.IntegrationTests.csproj", "{813636B7-0A02-4984-A90C-DCDAAB4667BD}"
EndProject
Project("{FAE04EC0-301F-11D3-BF4B-00C04F79EFBC}") = "TslAuth.UiTests", "tests\TslAuth.UiTests\TslAuth.UiTests.csproj", "{A507BBFA-E8B1-46E3-954F-31AEE053D363}"
EndProject
Global
	GlobalSection(SolutionConfigurationPlatforms) = preSolution
		Debug|Any CPU = Debug|Any CPU
		Debug|x64 = Debug|x64
		Debug|x86 = Debug|x86
		Release|Any CPU = Release|Any CPU
		Release|x64 = Release|x64
		Release|x86 = Release|x86
	EndGlobalSection
	GlobalSection(ProjectConfigurationPlatforms) = postSolution
		{8A50E2F2-76F9-4875-B73E-965D3BB5F34D}.Debug|Any CPU.ActiveCfg = Debug|Any CPU
		{8A50E2F2-76F9-4875-B73E-965D3BB5F34D}.Debug|Any CPU.Build.0 = Debug|Any CPU
		{8A50E2F2-76F9-4875-B73E-965D3BB5F34D}.Debug|x64.ActiveCfg = Debug|Any CPU
		{8A50E2F2-76F9-4875-B73E-965D3BB5F34D}.Debug|x64.Build.0 = Debug|Any CPU
		{8A50E2F2-76F9-4875-B73E-965D3BB5F34D}.Debug|x86.ActiveCfg = Debug|Any CPU
		{8A50E2F2-76F9-4875-B73E-965D3BB5F34D}.Debug|x86.Build.0 = Debug|Any CPU
		{8A50E2F2-76F9-4875-B73E-965D3BB5F34D}.Release|Any CPU.ActiveCfg = Release|Any CPU
		{8A50E2F2-76F9-4875-B73E-965D3BB5F34D}.Release|Any CPU.Build.0 = Release|Any CPU
		{8A50E2F2-76F9-4875-B73E-965D3BB5F34D}.Release|x64.ActiveCfg = Release|Any CPU
		{8A50E2F2-76F9-4875-B73E-965D3BB5F34D}.Release|x64.Build.0 = Release|Any CPU
		{8A50E2F2-76F9-4875-B73E-965D3BB5F34D}.Release|x86.ActiveCfg = Release|Any CPU
		{8A50E2F2-76F9-4875-B73E-965D3BB5F34D}.Release|x86.Build.0 = Release|Any CPU
		{D6B4B67D-932A-4F10-8E69-778CF2245BB4}.Debug|Any CPU.ActiveCfg = Debug|Any CPU
		{D6B4B67D-932A-4F10-8E69-778CF2245BB4}.Debug|Any CPU.Build.0 = Debug|Any CPU
		{D6B4B67D-932A-4F10-8E69-778CF2245BB4}.Debug|x64.ActiveCfg = Debug|Any CPU
		{D6B4B67D-932A-4F10-8E69-778CF2245BB4}.Debug|x64.Build.0 = Debug|Any CPU
		{D6B4B67D-932A-4F10-8E69-778CF2245BB4}.Debug|x86.ActiveCfg = Debug|Any CPU
		{D6B4B67D-932A-4F10-8E69-778CF2245BB4}.Debug|x86.Build.0 = Debug|Any CPU
		{D6B4B67D-932A-4F10-8E69-778CF2245BB4}.Release|Any CPU.ActiveCfg = Release|Any CPU
		{D6B4B67D-932A-4F10-8E69-778CF2245BB4}.Release|Any CPU.Build.0 = Release|Any CPU
		{D6B4B67D-932A-4F10-8E69-778CF2245BB4}.Release|x64.ActiveCfg = Release|Any CPU
		{D6B4B67D-932A-4F10-8E69-778CF2245BB4}.Release|x64.Build.0 = Release|Any CPU
		{D6B4B67D-932A-4F10-8E69-778CF2245BB4}.Release|x86.ActiveCfg = Release|Any CPU
		{D6B4B67D-932A-4F10-8E69-778CF2245BB4}.Release|x86.Build.0 = Release|Any CPU
		{813636B7-0A02-4984-A90C-DCDAAB4667BD}.Debug|Any CPU.ActiveCfg = Debug|Any CPU
		{813636B7-0A02-4984-A90C-DCDAAB4667BD}.Debug|Any CPU.Build.0 = Debug|Any CPU
		{813636B7-0A02-4984-A90C-DCDAAB4667BD}.Debug|x64.ActiveCfg = Debug|Any CPU
		{813636B7-0A02-4984-A90C-DCDAAB4667BD}.Debug|x64.Build.0 = Debug|Any CPU
		{813636B7-0A02-4984-A90C-DCDAAB4667BD}.Debug|x86.ActiveCfg = Debug|Any CPU
		{813636B7-0A02-4984-A90C-DCDAAB4667BD}.Debug|x86.Build.0 = Debug|Any CPU
		{813636B7-0A02-4984-A90C-DCDAAB4667BD}.Release|Any CPU.ActiveCfg = Release|Any CPU
		{813636B7-0A02-4984-A90C-DCDAAB4667BD}.Release|Any CPU.Build.0 = Release|Any CPU
		{813636B7-0A02-4984-A90C-DCDAAB4667BD}.Release|x64.ActiveCfg = Release|Any CPU
		{813636B7-0A02-4984-A90C-DCDAAB4667BD}.Release|x64.Build.0 = Release|Any CPU
		{813636B7-0A02-4984-A90C-DCDAAB4667BD}.Release|x86.ActiveCfg = Release|Any CPU
		{813636B7-0A02-4984-A90C-DCDAAB4667BD}.Release|x86.Build.0 = Release|Any CPU
		{A507BBFA-E8B1-46E3-954F-31AEE053D363}.Debug|Any CPU.ActiveCfg = Debug|Any CPU
		{A507BBFA-E8B1-46E3-954F-31AEE053D363}.Debug|Any CPU.Build.0 = Debug|Any CPU
		{A507BBFA-E8B1-46E3-954F-31AEE053D363}.Debug|x64.ActiveCfg = Debug|Any CPU
		{A507BBFA-E8B1-46E3-954F-31AEE053D363}.Debug|x64.Build.0 = Debug|Any CPU
		{A507BBFA-E8B1-46E3-954F-31AEE053D363}.Debug|x86.ActiveCfg = Debug|Any CPU
		{A507BBFA-E8B1-46E3-954F-31AEE053D363}.Debug|x86.Build.0 = Debug|Any CPU
		{A507BBFA-E8B1-46E3-954F-31AEE053D363}.Release|Any CPU.ActiveCfg = Release|Any CPU
		{A507BBFA-E8B1-46E3-954F-31AEE053D363}.Release|Any CPU.Build.0 = Release|Any CPU
		{A507BBFA-E8B1-46E3-954F-31AEE053D363}.Release|x64.ActiveCfg = Release|Any CPU
		{A507BBFA-E8B1-46E3-954F-31AEE053D363}.Release|x64.Build.0 = Release|Any CPU
		{A507BBFA-E8B1-46E3-954F-31AEE053D363}.Release|x86.ActiveCfg = Release|Any CPU
		{A507BBFA-E8B1-46E3-954F-31AEE053D363}.Release|x86.Build.0 = Release|Any CPU
	EndGlobalSection
	GlobalSection(SolutionProperties) = preSolution
		HideSolutionNode = FALSE
	EndGlobalSection
	GlobalSection(NestedProjects) = preSolution
		{8A50E2F2-76F9-4875-B73E-965D3BB5F34D} = {827E0CD3-B72D-47B6-A68D-7590B98EB39B}
		{D6B4B67D-932A-4F10-8E69-778CF2245BB4} = {0AB3BF05-4346-4AA6-1389-037BE0695223}
		{813636B7-0A02-4984-A90C-DCDAAB4667BD} = {0AB3BF05-4346-4AA6-1389-037BE0695223}
		{A507BBFA-E8B1-46E3-954F-31AEE053D363} = {0AB3BF05-4346-4AA6-1389-037BE0695223}
	EndGlobalSection
EndGlobal
