
Microsoft Visual Studio Solution File, Format Version 12.00
# Visual Studio Version 17
VisualStudioVersion = 17.0.31903.59
MinimumVisualStudioVersion = 10.0.40219.1
Project("{FAE04EC0-301F-11D3-BF4B-00C04F79EFBC}") = "TslAuth.Client", "TslAuth.Client\TslAuth.Client.csproj", "{FB1FCCC5-05EB-4A16-A1A5-4A5447F1AAB7}"
EndProject
Project("{2150E333-8FDC-42A3-9474-1A3956D46DE8}") = "tests", "tests", "{0AB3BF05-4346-4AA6-1389-037BE0695223}"
EndProject
Project("{FAE04EC0-301F-11D3-BF4B-00C04F79EFBC}") = "TslAuth.Client.Tests", "tests\TslAuth.Client.Tests\TslAuth.Client.Tests.csproj", "{74CFD304-6EA2-4F8E-994F-3EA9C0BDCBBC}"
EndProject
Global
	GlobalSection(SolutionConfigurationPlatforms) = preSolution
		Debug|Any CPU = Debug|Any CPU
		Debug|x64 = Debug|x64
		Debug|x86 = Debug|x86
		Release|Any CPU = Release|Any CPU
		Release|x64 = Release|x64
		Release|x86 = Release|x86
	EndGlobalSection
	GlobalSection(ProjectConfigurationPlatforms) = postSolution
		{FB1FCCC5-05EB-4A16-A1A5-4A5447F1AAB7}.Debug|Any CPU.ActiveCfg = Debug|Any CPU
		{FB1FCCC5-05EB-4A16-A1A5-4A5447F1AAB7}.Debug|Any CPU.Build.0 = Debug|Any CPU
		{FB1FCCC5-05EB-4A16-A1A5-4A5447F1AAB7}.Debug|x64.ActiveCfg = Debug|Any CPU
		{FB1FCCC5-05EB-4A16-A1A5-4A5447F1AAB7}.Debug|x64.Build.0 = Debug|Any CPU
		{FB1FCCC5-05EB-4A16-A1A5-4A5447F1AAB7}.Debug|x86.ActiveCfg = Debug|Any CPU
		{FB1FCCC5-05EB-4A16-A1A5-4A5447F1AAB7}.Debug|x86.Build.0 = Debug|Any CPU
		{FB1FCCC5-05EB-4A16-A1A5-4A5447F1AAB7}.Release|Any CPU.ActiveCfg = Release|Any CPU
		{FB1FCCC5-05EB-4A16-A1A5-4A5447F1AAB7}.Release|Any CPU.Build.0 = Release|Any CPU
		{FB1FCCC5-05EB-4A16-A1A5-4A5447F1AAB7}.Release|x64.ActiveCfg = Release|Any CPU
		{FB1FCCC5-05EB-4A16-A1A5-4A5447F1AAB7}.Release|x64.Build.0 = Release|Any CPU
		{FB1FCCC5-05EB-4A16-A1A5-4A5447F1AAB7}.Release|x86.ActiveCfg = Release|Any CPU
		{FB1FCCC5-05EB-4A16-A1A5-4A5447F1AAB7}.Release|x86.Build.0 = Release|Any CPU
		{74CFD304-6EA2-4F8E-994F-3EA9C0BDCBBC}.Debug|Any CPU.ActiveCfg = Debug|Any CPU
		{74CFD304-6EA2-4F8E-994F-3EA9C0BDCBBC}.Debug|Any CPU.Build.0 = Debug|Any CPU
		{74CFD304-6EA2-4F8E-994F-3EA9C0BDCBBC}.Debug|x64.ActiveCfg = Debug|Any CPU
		{74CFD304-6EA2-4F8E-994F-3EA9C0BDCBBC}.Debug|x64.Build.0 = Debug|Any CPU
		{74CFD304-6EA2-4F8E-994F-3EA9C0BDCBBC}.Debug|x86.ActiveCfg = Debug|Any CPU
		{74CFD304-6EA2-4F8E-994F-3EA9C0BDCBBC}.Debug|x86.Build.0 = Debug|Any CPU
		{74CFD304-6EA2-4F8E-994F-3EA9C0BDCBBC}.Release|Any CPU.ActiveCfg = Release|Any CPU
		{74CFD304-6EA2-4F8E-994F-3EA9C0BDCBBC}.Release|Any CPU.Build.0 = Release|Any CPU
		{74CFD304-6EA2-4F8E-994F-3EA9C0BDCBBC}.Release|x64.ActiveCfg = Release|Any CPU
		{74CFD304-6EA2-4F8E-994F-3EA9C0BDCBBC}.Release|x64.Build.0 = Release|Any CPU
		{74CFD304-6EA2-4F8E-994F-3EA9C0BDCBBC}.Release|x86.ActiveCfg = Release|Any CPU
		{74CFD304-6EA2-4F8E-994F-3EA9C0BDCBBC}.Release|x86.Build.0 = Release|Any CPU
	EndGlobalSection
	GlobalSection(SolutionProperties) = preSolution
		HideSolutionNode = FALSE
	EndGlobalSection
	GlobalSection(NestedProjects) = preSolution
		{74CFD304-6EA2-4F8E-994F-3EA9C0BDCBBC} = {0AB3BF05-4346-4AA6-1389-037BE0695223}
	EndGlobalSection
EndGlobal
